
Microsoft Visual Studio Solution File, Format Version 12.00
# Visual Studio Version 17
VisualStudioVersion = 17.0.31912.275
MinimumVisualStudioVersion = 10.0.40219.1
Project("{9A19103F-16F7-4668-BE54-9A1E7A4F7556}") = "Arebis.Core", "Arebis.Core\Arebis.Core.csproj", "{017B67D2-D2D8-48C5-8F3A-2F81FFA0C98B}"
EndProject
Project("{9A19103F-16F7-4668-BE54-9A1E7A4F7556}") = "Arebis.Core.EntityFramework", "Arebis.Core.EntityFramework\Arebis.Core.EntityFramework.csproj", "{25A91E90-C533-43AC-9B2F-1ADFF8CC310B}"
EndProject
Project("{9A19103F-16F7-4668-BE54-9A1E7A4F7556}") = "Arebis.Core.Localization", "Arebis.Core.Localization\Arebis.Core.Localization.csproj", "{A0D2A6CA-1C80-4C28-A13C-ED1649E6BC15}"
EndProject
Project("{9A19103F-16F7-4668-BE54-9A1E7A4F7556}") = "Arebis.Core.AspNet", "Arebis.Core.AspNet\Arebis.Core.AspNet.csproj", "{62D0A15B-A10D-465F-8EEF-8742DA76DA39}"
EndProject
Project("{9A19103F-16F7-4668-BE54-9A1E7A4F7556}") = "Arebis.Core.Data", "Arebis.Core.Data\Arebis.Core.Data.csproj", "{CDB47EEE-E35C-48B1-951E-A0DFE13154B7}"
EndProject
Project("{9A19103F-16F7-4668-BE54-9A1E7A4F7556}") = "Arebis.Core.AspNet.Mvc.Localization", "Arebis.Core.AspNet.Mvc.Localization\Arebis.Core.AspNet.Mvc.Localization.csproj", "{A60B9631-345A-4784-9B8F-4D1127857F00}"
EndProject
Project("{9A19103F-16F7-4668-BE54-9A1E7A4F7556}") = "Arebis.Core.Tests", "Arebis.Core.Tests\Arebis.Core.Tests.csproj", "{EE0927D9-9ABC-4E4A-B48C-AD9E041C86DE}"
EndProject
Project("{2150E333-8FDC-42A3-9474-1A3956D46DE8}") = "Test Projects", "Test Projects", "{BAEADC8D-C8F8-436B-9CB3-AFCF79381A18}"
EndProject
Project("{2150E333-8FDC-42A3-9474-1A3956D46DE8}") = "Solution Items", "Solution Items", "{9D08FD4E-57BC-449D-92C5-089F5EA36224}"
	ProjectSection(SolutionItems) = preProject
		PublishPackage.cmd = PublishPackage.cmd
		README.md = README.md
	EndProjectSection
EndProject
Project("{9A19103F-16F7-4668-BE54-9A1E7A4F7556}") = "Arebis.Core.Data.SqlClient", "Arebis.Core.Data.Sql\Arebis.Core.Data.SqlClient.csproj", "{B33F3B43-1190-4B8C-BB27-2F4B722F4132}"
EndProject
Project("{9A19103F-16F7-4668-BE54-9A1E7A4F7556}") = "Arebis.Core.Financial", "Arebis.Core.Financial\Arebis.Core.Financial.csproj", "{897772BE-C134-4330-A9B1-54314A674509}"
EndProject
Project("{9A19103F-16F7-4668-BE54-9A1E7A4F7556}") = "Arebis.Types", "Arebis.Types\Arebis.Types.csproj", "{498D0D2E-A7AF-4808-ABF5-EA8313B3781D}"
EndProject
Project("{9A19103F-16F7-4668-BE54-9A1E7A4F7556}") = "Arebis.Core.AspNet.Mvc", "Arebis.Core.AspNet.Mvc\Arebis.Core.AspNet.Mvc.csproj", "{0619751A-2BC1-4CCB-92A1-D514E799354F}"
EndProject
Project("{9A19103F-16F7-4668-BE54-9A1E7A4F7556}") = "Arebis.Core.AspNet.Mvc.Sircl", "Arebis.Core.AspNet.Mvc.Sircl\Arebis.Core.AspNet.Mvc.Sircl.csproj", "{11E453CE-074D-421D-900B-79114DA15570}"
EndProject
Project("{2150E333-8FDC-42A3-9474-1A3956D46DE8}") = "Sample Projects", "Sample Projects", "{9935BD16-4820-481E-832D-66EF15970370}"
EndProject
Project("{9A19103F-16F7-4668-BE54-9A1E7A4F7556}") = "Sample.AspNetMvc", "Sample.AspNetMvc\Sample.AspNetMvc.csproj", "{DB1395A4-ABFF-46B1-BF7A-752D52636FB4}"
EndProject
Project("{9A19103F-16F7-4668-BE54-9A1E7A4F7556}") = "Arebis.Core.EntityFramework.SqlServer", "Arebis.Core.EntityFramework.SqlServer\Arebis.Core.EntityFramework.SqlServer.csproj", "{C3D2A4ED-382C-4144-9E10-67C5190E58F5}"
EndProject
Project("{FAE04EC0-301F-11D3-BF4B-00C04F79EFBC}") = "Arebis.Core.Services.Interfaces", "Arebis.Core.Services.Interfaces\Arebis.Core.Services.Interfaces.csproj", "{F45821D5-8D39-4AEF-ADB3-201653E9B2FF}"
EndProject
Project("{FAE04EC0-301F-11D3-BF4B-00C04F79EFBC}") = "Arebis.Core.Services.Translation", "Arebis.Core.Services.Translation\Arebis.Core.Services.Translation.csproj", "{FC500960-C849-42E5-89B8-D262E2EE3565}"
EndProject
Project("{FAE04EC0-301F-11D3-BF4B-00C04F79EFBC}") = "Arebis.Core.AspNet.ServerSentEvents", "Arebis.Core.AspNet.ServerSentEvents\Arebis.Core.AspNet.ServerSentEvents.csproj", "{72B82224-BD84-4BAA-9BAA-13298DCC58EA}"
EndProject
Project("{FAE04EC0-301F-11D3-BF4B-00C04F79EFBC}") = "Arebis.Core.AspNet.ServerSentEvents.EntityFramework", "Arebis.Core.AspNet.ServerSentEvents.EntityFramework\Arebis.Core.AspNet.ServerSentEvents.EntityFramework.csproj", "{AB8E378F-512E-4B67-A0E9-186A2E836ECF}"
EndProject
Project("{FAE04EC0-301F-11D3-BF4B-00C04F79EFBC}") = "Sample.ConsoleApp", "Sample.ConsoleApp\Sample.ConsoleApp.csproj", "{6B382D6D-6387-44E2-8E69-9F23BCAFA57C}"
EndProject
Project("{FAE04EC0-301F-11D3-BF4B-00C04F79EFBC}") = "Arebis.Core.Services.AspNet", "Arebis.Core.Services.AspNet\Arebis.Core.Services.AspNet.csproj", "{97261570-A626-4C43-9976-A25C234FDE38}"
EndProject
Project("{FAE04EC0-301F-11D3-BF4B-00C04F79EFBC}") = "Arebis.Text", "Arebis.Text\Arebis.Text.csproj", "{3000D18F-DAF3-44C1-804C-C8ADB3A69928}"
EndProject
Project("{FAE04EC0-301F-11D3-BF4B-00C04F79EFBC}") = "Arebis.Text.Tests", "Arebis.Text.Tests\Arebis.Text.Tests.csproj", "{EB607C0F-1D3E-43A2-96D3-E84E60099018}"
EndProject
Project("{FAE04EC0-301F-11D3-BF4B-00C04F79EFBC}") = "Arebis.Core.Configuration.SqlServer", "Arebis.Core.Configuration.SqlServer\Arebis.Core.Configuration.SqlServer.csproj", "{C4616468-27FB-403B-8882-3965988E2AAE}"
EndProject
Project("{FAE04EC0-301F-11D3-BF4B-00C04F79EFBC}") = "Arebis.Core.AspNet.SqlServer", "Arebis.Core.AspNet.SqlServer\Arebis.Core.AspNet.SqlServer.csproj", "{52730F85-8ABD-4237-8484-879C2C48CAD0}"
EndProject
Project("{FAE04EC0-301F-11D3-BF4B-00C04F79EFBC}") = "Arebis.Core.Services.Translation.OpenAI", "Arebis.Core.Services.Translation.OpenAI\Arebis.Core.Services.Translation.OpenAI.csproj", "{A6F30C99-E271-4EC9-82D0-BF3478F4BAFE}"
EndProject
Global
	GlobalSection(SolutionConfigurationPlatforms) = preSolution
		Debug|Any CPU = Debug|Any CPU
		Release|Any CPU = Release|Any CPU
	EndGlobalSection
	GlobalSection(ProjectConfigurationPlatforms) = postSolution
		{017B67D2-D2D8-48C5-8F3A-2F81FFA0C98B}.Debug|Any CPU.ActiveCfg = Debug|Any CPU
		{017B67D2-D2D8-48C5-8F3A-2F81FFA0C98B}.Debug|Any CPU.Build.0 = Debug|Any CPU
		{017B67D2-D2D8-48C5-8F3A-2F81FFA0C98B}.Release|Any CPU.ActiveCfg = Release|Any CPU
		{017B67D2-D2D8-48C5-8F3A-2F81FFA0C98B}.Release|Any CPU.Build.0 = Release|Any CPU
		{25A91E90-C533-43AC-9B2F-1ADFF8CC310B}.Debug|Any CPU.ActiveCfg = Debug|Any CPU
		{25A91E90-C533-43AC-9B2F-1ADFF8CC310B}.Debug|Any CPU.Build.0 = Debug|Any CPU
		{25A91E90-C533-43AC-9B2F-1ADFF8CC310B}.Release|Any CPU.ActiveCfg = Release|Any CPU
		{25A91E90-C533-43AC-9B2F-1ADFF8CC310B}.Release|Any CPU.Build.0 = Release|Any CPU
		{A0D2A6CA-1C80-4C28-A13C-ED1649E6BC15}.Debug|Any CPU.ActiveCfg = Debug|Any CPU
		{A0D2A6CA-1C80-4C28-A13C-ED1649E6BC15}.Debug|Any CPU.Build.0 = Debug|Any CPU
		{A0D2A6CA-1C80-4C28-A13C-ED1649E6BC15}.Release|Any CPU.ActiveCfg = Release|Any CPU
		{A0D2A6CA-1C80-4C28-A13C-ED1649E6BC15}.Release|Any CPU.Build.0 = Release|Any CPU
		{62D0A15B-A10D-465F-8EEF-8742DA76DA39}.Debug|Any CPU.ActiveCfg = Debug|Any CPU
		{62D0A15B-A10D-465F-8EEF-8742DA76DA39}.Debug|Any CPU.Build.0 = Debug|Any CPU
		{62D0A15B-A10D-465F-8EEF-8742DA76DA39}.Release|Any CPU.ActiveCfg = Release|Any CPU
		{62D0A15B-A10D-465F-8EEF-8742DA76DA39}.Release|Any CPU.Build.0 = Release|Any CPU
		{CDB47EEE-E35C-48B1-951E-A0DFE13154B7}.Debug|Any CPU.ActiveCfg = Debug|Any CPU
		{CDB47EEE-E35C-48B1-951E-A0DFE13154B7}.Debug|Any CPU.Build.0 = Debug|Any CPU
		{CDB47EEE-E35C-48B1-951E-A0DFE13154B7}.Release|Any CPU.ActiveCfg = Release|Any CPU
		{CDB47EEE-E35C-48B1-951E-A0DFE13154B7}.Release|Any CPU.Build.0 = Release|Any CPU
		{A60B9631-345A-4784-9B8F-4D1127857F00}.Debug|Any CPU.ActiveCfg = Debug|Any CPU
		{A60B9631-345A-4784-9B8F-4D1127857F00}.Debug|Any CPU.Build.0 = Debug|Any CPU
		{A60B9631-345A-4784-9B8F-4D1127857F00}.Release|Any CPU.ActiveCfg = Release|Any CPU
		{A60B9631-345A-4784-9B8F-4D1127857F00}.Release|Any CPU.Build.0 = Release|Any CPU
		{EE0927D9-9ABC-4E4A-B48C-AD9E041C86DE}.Debug|Any CPU.ActiveCfg = Debug|Any CPU
		{EE0927D9-9ABC-4E4A-B48C-AD9E041C86DE}.Debug|Any CPU.Build.0 = Debug|Any CPU
		{EE0927D9-9ABC-4E4A-B48C-AD9E041C86DE}.Release|Any CPU.ActiveCfg = Release|Any CPU
		{EE0927D9-9ABC-4E4A-B48C-AD9E041C86DE}.Release|Any CPU.Build.0 = Release|Any CPU
		{B33F3B43-1190-4B8C-BB27-2F4B722F4132}.Debug|Any CPU.ActiveCfg = Debug|Any CPU
		{B33F3B43-1190-4B8C-BB27-2F4B722F4132}.Debug|Any CPU.Build.0 = Debug|Any CPU
		{B33F3B43-1190-4B8C-BB27-2F4B722F4132}.Release|Any CPU.ActiveCfg = Release|Any CPU
		{B33F3B43-1190-4B8C-BB27-2F4B722F4132}.Release|Any CPU.Build.0 = Release|Any CPU
		{897772BE-C134-4330-A9B1-54314A674509}.Debug|Any CPU.ActiveCfg = Debug|Any CPU
		{897772BE-C134-4330-A9B1-54314A674509}.Debug|Any CPU.Build.0 = Debug|Any CPU
		{897772BE-C134-4330-A9B1-54314A674509}.Release|Any CPU.ActiveCfg = Release|Any CPU
		{897772BE-C134-4330-A9B1-54314A674509}.Release|Any CPU.Build.0 = Release|Any CPU
		{498D0D2E-A7AF-4808-ABF5-EA8313B3781D}.Debug|Any CPU.ActiveCfg = Debug|Any CPU
		{498D0D2E-A7AF-4808-ABF5-EA8313B3781D}.Debug|Any CPU.Build.0 = Debug|Any CPU
		{498D0D2E-A7AF-4808-ABF5-EA8313B3781D}.Release|Any CPU.ActiveCfg = Release|Any CPU
		{498D0D2E-A7AF-4808-ABF5-EA8313B3781D}.Release|Any CPU.Build.0 = Release|Any CPU
		{0619751A-2BC1-4CCB-92A1-D514E799354F}.Debug|Any CPU.ActiveCfg = Debug|Any CPU
		{0619751A-2BC1-4CCB-92A1-D514E799354F}.Debug|Any CPU.Build.0 = Debug|Any CPU
		{0619751A-2BC1-4CCB-92A1-D514E799354F}.Release|Any CPU.ActiveCfg = Release|Any CPU
		{0619751A-2BC1-4CCB-92A1-D514E799354F}.Release|Any CPU.Build.0 = Release|Any CPU
		{11E453CE-074D-421D-900B-79114DA15570}.Debug|Any CPU.ActiveCfg = Debug|Any CPU
		{11E453CE-074D-421D-900B-79114DA15570}.Debug|Any CPU.Build.0 = Debug|Any CPU
		{11E453CE-074D-421D-900B-79114DA15570}.Release|Any CPU.ActiveCfg = Release|Any CPU
		{11E453CE-074D-421D-900B-79114DA15570}.Release|Any CPU.Build.0 = Release|Any CPU
		{DB1395A4-ABFF-46B1-BF7A-752D52636FB4}.Debug|Any CPU.ActiveCfg = Debug|Any CPU
		{DB1395A4-ABFF-46B1-BF7A-752D52636FB4}.Debug|Any CPU.Build.0 = Debug|Any CPU
		{DB1395A4-ABFF-46B1-BF7A-752D52636FB4}.Release|Any CPU.ActiveCfg = Release|Any CPU
		{DB1395A4-ABFF-46B1-BF7A-752D52636FB4}.Release|Any CPU.Build.0 = Release|Any CPU
		{C3D2A4ED-382C-4144-9E10-67C5190E58F5}.Debug|Any CPU.ActiveCfg = Debug|Any CPU
		{C3D2A4ED-382C-4144-9E10-67C5190E58F5}.Debug|Any CPU.Build.0 = Debug|Any CPU
		{C3D2A4ED-382C-4144-9E10-67C5190E58F5}.Release|Any CPU.ActiveCfg = Release|Any CPU
		{C3D2A4ED-382C-4144-9E10-67C5190E58F5}.Release|Any CPU.Build.0 = Release|Any CPU
		{F45821D5-8D39-4AEF-ADB3-201653E9B2FF}.Debug|Any CPU.ActiveCfg = Debug|Any CPU
		{F45821D5-8D39-4AEF-ADB3-201653E9B2FF}.Debug|Any CPU.Build.0 = Debug|Any CPU
		{F45821D5-8D39-4AEF-ADB3-201653E9B2FF}.Release|Any CPU.ActiveCfg = Release|Any CPU
		{F45821D5-8D39-4AEF-ADB3-201653E9B2FF}.Release|Any CPU.Build.0 = Release|Any CPU
		{FC500960-C849-42E5-89B8-D262E2EE3565}.Debug|Any CPU.ActiveCfg = Debug|Any CPU
		{FC500960-C849-42E5-89B8-D262E2EE3565}.Debug|Any CPU.Build.0 = Debug|Any CPU
		{FC500960-C849-42E5-89B8-D262E2EE3565}.Release|Any CPU.ActiveCfg = Release|Any CPU
		{FC500960-C849-42E5-89B8-D262E2EE3565}.Release|Any CPU.Build.0 = Release|Any CPU
		{72B82224-BD84-4BAA-9BAA-13298DCC58EA}.Debug|Any CPU.ActiveCfg = Debug|Any CPU
		{72B82224-BD84-4BAA-9BAA-13298DCC58EA}.Debug|Any CPU.Build.0 = Debug|Any CPU
		{72B82224-BD84-4BAA-9BAA-13298DCC58EA}.Release|Any CPU.ActiveCfg = Release|Any CPU
		{72B82224-BD84-4BAA-9BAA-13298DCC58EA}.Release|Any CPU.Build.0 = Release|Any CPU
		{AB8E378F-512E-4B67-A0E9-186A2E836ECF}.Debug|Any CPU.ActiveCfg = Debug|Any CPU
		{AB8E378F-512E-4B67-A0E9-186A2E836ECF}.Debug|Any CPU.Build.0 = Debug|Any CPU
		{AB8E378F-512E-4B67-A0E9-186A2E836ECF}.Release|Any CPU.ActiveCfg = Release|Any CPU
		{AB8E378F-512E-4B67-A0E9-186A2E836ECF}.Release|Any CPU.Build.0 = Release|Any CPU
		{6B382D6D-6387-44E2-8E69-9F23BCAFA57C}.Debug|Any CPU.ActiveCfg = Debug|Any CPU
		{6B382D6D-6387-44E2-8E69-9F23BCAFA57C}.Debug|Any CPU.Build.0 = Debug|Any CPU
		{6B382D6D-6387-44E2-8E69-9F23BCAFA57C}.Release|Any CPU.ActiveCfg = Release|Any CPU
		{6B382D6D-6387-44E2-8E69-9F23BCAFA57C}.Release|Any CPU.Build.0 = Release|Any CPU
		{97261570-A626-4C43-9976-A25C234FDE38}.Debug|Any CPU.ActiveCfg = Debug|Any CPU
		{97261570-A626-4C43-9976-A25C234FDE38}.Debug|Any CPU.Build.0 = Debug|Any CPU
		{97261570-A626-4C43-9976-A25C234FDE38}.Release|Any CPU.ActiveCfg = Release|Any CPU
		{97261570-A626-4C43-9976-A25C234FDE38}.Release|Any CPU.Build.0 = Release|Any CPU
		{3000D18F-DAF3-44C1-804C-C8ADB3A69928}.Debug|Any CPU.ActiveCfg = Debug|Any CPU
		{3000D18F-DAF3-44C1-804C-C8ADB3A69928}.Debug|Any CPU.Build.0 = Debug|Any CPU
		{3000D18F-DAF3-44C1-804C-C8ADB3A69928}.Release|Any CPU.ActiveCfg = Release|Any CPU
		{3000D18F-DAF3-44C1-804C-C8ADB3A69928}.Release|Any CPU.Build.0 = Release|Any CPU
		{EB607C0F-1D3E-43A2-96D3-E84E60099018}.Debug|Any CPU.ActiveCfg = Debug|Any CPU
		{EB607C0F-1D3E-43A2-96D3-E84E60099018}.Debug|Any CPU.Build.0 = Debug|Any CPU
		{EB607C0F-1D3E-43A2-96D3-E84E60099018}.Release|Any CPU.ActiveCfg = Release|Any CPU
		{EB607C0F-1D3E-43A2-96D3-E84E60099018}.Release|Any CPU.Build.0 = Release|Any CPU
		{C4616468-27FB-403B-8882-3965988E2AAE}.Debug|Any CPU.ActiveCfg = Debug|Any CPU
		{C4616468-27FB-403B-8882-3965988E2AAE}.Debug|Any CPU.Build.0 = Debug|Any CPU
		{C4616468-27FB-403B-8882-3965988E2AAE}.Release|Any CPU.ActiveCfg = Release|Any CPU
		{C4616468-27FB-403B-8882-3965988E2AAE}.Release|Any CPU.Build.0 = Release|Any CPU
		{52730F85-8ABD-4237-8484-879C2C48CAD0}.Debug|Any CPU.ActiveCfg = Debug|Any CPU
		{52730F85-8ABD-4237-8484-879C2C48CAD0}.Debug|Any CPU.Build.0 = Debug|Any CPU
		{52730F85-8ABD-4237-8484-879C2C48CAD0}.Release|Any CPU.ActiveCfg = Release|Any CPU
		{52730F85-8ABD-4237-8484-879C2C48CAD0}.Release|Any CPU.Build.0 = Release|Any CPU
		{A6F30C99-E271-4EC9-82D0-BF3478F4BAFE}.Debug|Any CPU.ActiveCfg = Debug|Any CPU
		{A6F30C99-E271-4EC9-82D0-BF3478F4BAFE}.Debug|Any CPU.Build.0 = Debug|Any CPU
		{A6F30C99-E271-4EC9-82D0-BF3478F4BAFE}.Release|Any CPU.ActiveCfg = Release|Any CPU
		{A6F30C99-E271-4EC9-82D0-BF3478F4BAFE}.Release|Any CPU.Build.0 = Release|Any CPU
	EndGlobalSection
	GlobalSection(SolutionProperties) = preSolution
		HideSolutionNode = FALSE
	EndGlobalSection
	GlobalSection(NestedProjects) = preSolution
		{EE0927D9-9ABC-4E4A-B48C-AD9E041C86DE} = {BAEADC8D-C8F8-436B-9CB3-AFCF79381A18}
		{DB1395A4-ABFF-46B1-BF7A-752D52636FB4} = {9935BD16-4820-481E-832D-66EF15970370}
		{6B382D6D-6387-44E2-8E69-9F23BCAFA57C} = {9935BD16-4820-481E-832D-66EF15970370}
		{EB607C0F-1D3E-43A2-96D3-E84E60099018} = {BAEADC8D-C8F8-436B-9CB3-AFCF79381A18}
	EndGlobalSection
	GlobalSection(ExtensibilityGlobals) = postSolution
		SolutionGuid = {0162E9D5-95E2-4EFE-B24E-27EAFE3783BB}
	EndGlobalSection
EndGlobal
